PODS:
  - AVOSCloud (7.1.0)
  - AVOSCloudCrashReporting (7.1.0):
    - AVOSCloud (= 7.1.0)
    - AVOSCloudCrashReporting/_ARC (= 7.1.0)
    - AVOSCloudCrashReporting/_NOARC (= 7.1.0)
  - AVOSCloudCrashReporting/_ARC (7.1.0):
    - AVOSCloud (= 7.1.0)
    - AVOSCloudCrashReporting/_NOARC (= 7.1.0)
  - AVOSCloudCrashReporting/_NOARC (7.1.0):
    - AVOSCloud (= 7.1.0)
  - AVOSCloudIM (7.1.0):
    - AVOSCloud (= 7.1.0)
    - AVOSCloudIM/_ARC (= 7.1.0)
    - AVOSCloudIM/_NOARC (= 7.1.0)
  - AVOSCloudIM/_ARC (7.1.0):
    - AVOSCloud (= 7.1.0)
    - AVOSCloudIM/_NOARC (= 7.1.0)
  - AVOSCloudIM/_NOARC (7.1.0):
    - AVOSCloud (= 7.1.0)

DEPENDENCIES:
  - AVOSCloud
  - AVOSCloudCrashReporting
  - AVOSCloudIM

SPEC CHECKSUMS:
  AVOSCloud: 8eebafb173f584c00a3ff68b0c98b9de3688da65
  AVOSCloudCrashReporting: 70cc4bdc6070bdfa127b9d4d927f09d54f5ba812
  AVOSCloudIM: a93815efaec33aeefe6c4df6ac1f7df8b867d576

PODFILE CHECKSUM: 97cbff28f427f0bcb90295eae2206d7f9d384679

COCOAPODS: 1.2.1
